
Microsoft Visual Studio Solution File, Format Version 12.00
# Visual Studio Version 17
VisualStudioVersion = 17.0.31903.59
MinimumVisualStudioVersion = 10.0.40219.1
Project("{FAE04EC0-301F-11D3-BF4B-00C04F79EFBC}") = "RightClicks", "RightClicks\RightClicks.csproj", "{05E8F453-7AB0-4C81-97C9-23A3948DA837}"
EndProject
Project("{FAE04EC0-301F-11D3-BF4B-00C04F79EFBC}") = "RightClicksShellManager", "RightClicksShellManager\RightClicksShellManager.csproj", "{B8F3E8F2-9C4D-4A5B-8E3F-1D2C3B4A5E6F}"
EndProject
Project("{FAE04EC0-301F-11D3-BF4B-00C04F79EFBC}") = "RightClicksShellExtension", "RightClicksShellExtension\RightClicksShellExtension.csproj", "{8B9E8F4A-3C2D-4E5F-9A1B-2C3D4E5F6A7B}"
EndProject
Project("{FAE04EC0-301F-11D3-BF4B-00C04F79EFBC}") = "RightClicksShellInstaller", "RightClicksShellInstaller\RightClicksShellInstaller.csproj", "{1922B8E8-24C0-422F-9653-FFBF9F9E0E11}"
EndProject
Project("{FAE04EC0-301F-11D3-BF4B-00C04F79EFBC}") = "RightClicksClipEditor", "RightClicksClipEditor\RightClicksClipEditor.csproj", "{F472E26B-136F-48C2-9F26-0828CB42890E}"
EndProject
Global
	GlobalSection(SolutionConfigurationPlatforms) = preSolution
		Debug|Any CPU = Debug|Any CPU
		Debug|x64 = Debug|x64
		Debug|x86 = Debug|x86
		Release|Any CPU = Release|Any CPU
		Release|x64 = Release|x64
		Release|x86 = Release|x86
	EndGlobalSection
	GlobalSection(ProjectConfigurationPlatforms) = postSolution
		{05E8F453-7AB0-4C81-97C9-23A3948DA837}.Debug|Any CPU.ActiveCfg = Debug|Any CPU
		{05E8F453-7AB0-4C81-97C9-23A3948DA837}.Debug|Any CPU.Build.0 = Debug|Any CPU
		{05E8F453-7AB0-4C81-97C9-23A3948DA837}.Debug|x64.ActiveCfg = Debug|Any CPU
		{05E8F453-7AB0-4C81-97C9-23A3948DA837}.Debug|x64.Build.0 = Debug|Any CPU
		{05E8F453-7AB0-4C81-97C9-23A3948DA837}.Debug|x86.ActiveCfg = Debug|Any CPU
		{05E8F453-7AB0-4C81-97C9-23A3948DA837}.Debug|x86.Build.0 = Debug|Any CPU
		{05E8F453-7AB0-4C81-97C9-23A3948DA837}.Release|Any CPU.ActiveCfg = Release|Any CPU
		{05E8F453-7AB0-4C81-97C9-23A3948DA837}.Release|Any CPU.Build.0 = Release|Any CPU
		{05E8F453-7AB0-4C81-97C9-23A3948DA837}.Release|x64.ActiveCfg = Release|Any CPU
		{05E8F453-7AB0-4C81-97C9-23A3948DA837}.Release|x64.Build.0 = Release|Any CPU
		{05E8F453-7AB0-4C81-97C9-23A3948DA837}.Release|x86.ActiveCfg = Release|Any CPU
		{05E8F453-7AB0-4C81-97C9-23A3948DA837}.Release|x86.Build.0 = Release|Any CPU
		{B8F3E8F2-9C4D-4A5B-8E3F-1D2C3B4A5E6F}.Debug|Any CPU.ActiveCfg = Debug|Any CPU
		{B8F3E8F2-9C4D-4A5B-8E3F-1D2C3B4A5E6F}.Debug|Any CPU.Build.0 = Debug|Any CPU
		{B8F3E8F2-9C4D-4A5B-8E3F-1D2C3B4A5E6F}.Debug|x64.ActiveCfg = Debug|Any CPU
		{B8F3E8F2-9C4D-4A5B-8E3F-1D2C3B4A5E6F}.Debug|x64.Build.0 = Debug|Any CPU
		{B8F3E8F2-9C4D-4A5B-8E3F-1D2C3B4A5E6F}.Debug|x86.ActiveCfg = Debug|Any CPU
		{B8F3E8F2-9C4D-4A5B-8E3F-1D2C3B4A5E6F}.Debug|x86.Build.0 = Debug|Any CPU
		{B8F3E8F2-9C4D-4A5B-8E3F-1D2C3B4A5E6F}.Release|Any CPU.ActiveCfg = Release|Any CPU
		{B8F3E8F2-9C4D-4A5B-8E3F-1D2C3B4A5E6F}.Release|Any CPU.Build.0 = Release|Any CPU
		{B8F3E8F2-9C4D-4A5B-8E3F-1D2C3B4A5E6F}.Release|x64.ActiveCfg = Release|Any CPU
		{B8F3E8F2-9C4D-4A5B-8E3F-1D2C3B4A5E6F}.Release|x64.Build.0 = Release|Any CPU
		{B8F3E8F2-9C4D-4A5B-8E3F-1D2C3B4A5E6F}.Release|x86.ActiveCfg = Release|Any CPU
		{B8F3E8F2-9C4D-4A5B-8E3F-1D2C3B4A5E6F}.Release|x86.Build.0 = Release|Any CPU
		{8B9E8F4A-3C2D-4E5F-9A1B-2C3D4E5F6A7B}.Debug|Any CPU.ActiveCfg = Debug|Any CPU
		{8B9E8F4A-3C2D-4E5F-9A1B-2C3D4E5F6A7B}.Debug|Any CPU.Build.0 = Debug|Any CPU
		{8B9E8F4A-3C2D-4E5F-9A1B-2C3D4E5F6A7B}.Debug|x64.ActiveCfg = Debug|Any CPU
		{8B9E8F4A-3C2D-4E5F-9A1B-2C3D4E5F6A7B}.Debug|x64.Build.0 = Debug|Any CPU
		{8B9E8F4A-3C2D-4E5F-9A1B-2C3D4E5F6A7B}.Debug|x86.ActiveCfg = Debug|Any CPU
		{8B9E8F4A-3C2D-4E5F-9A1B-2C3D4E5F6A7B}.Debug|x86.Build.0 = Debug|Any CPU
		{8B9E8F4A-3C2D-4E5F-9A1B-2C3D4E5F6A7B}.Release|Any CPU.ActiveCfg = Release|Any CPU
		{8B9E8F4A-3C2D-4E5F-9A1B-2C3D4E5F6A7B}.Release|Any CPU.Build.0 = Release|Any CPU
		{8B9E8F4A-3C2D-4E5F-9A1B-2C3D4E5F6A7B}.Release|x64.ActiveCfg = Release|Any CPU
		{8B9E8F4A-3C2D-4E5F-9A1B-2C3D4E5F6A7B}.Release|x64.Build.0 = Release|Any CPU
		{8B9E8F4A-3C2D-4E5F-9A1B-2C3D4E5F6A7B}.Release|x86.ActiveCfg = Release|Any CPU
		{8B9E8F4A-3C2D-4E5F-9A1B-2C3D4E5F6A7B}.Release|x86.Build.0 = Release|Any CPU
		{1922B8E8-24C0-422F-9653-FFBF9F9E0E11}.Debug|Any CPU.ActiveCfg = Debug|Any CPU
		{1922B8E8-24C0-422F-9653-FFBF9F9E0E11}.Debug|Any CPU.Build.0 = Debug|Any CPU
		{1922B8E8-24C0-422F-9653-FFBF9F9E0E11}.Debug|x64.ActiveCfg = Debug|Any CPU
		{1922B8E8-24C0-422F-9653-FFBF9F9E0E11}.Debug|x64.Build.0 = Debug|Any CPU
		{1922B8E8-24C0-422F-9653-FFBF9F9E0E11}.Debug|x86.ActiveCfg = Debug|Any CPU
		{1922B8E8-24C0-422F-9653-FFBF9F9E0E11}.Debug|x86.Build.0 = Debug|Any CPU
		{1922B8E8-24C0-422F-9653-FFBF9F9E0E11}.Release|Any CPU.ActiveCfg = Release|Any CPU
		{1922B8E8-24C0-422F-9653-FFBF9F9E0E11}.Release|Any CPU.Build.0 = Release|Any CPU
		{1922B8E8-24C0-422F-9653-FFBF9F9E0E11}.Release|x64.ActiveCfg = Release|Any CPU
		{1922B8E8-24C0-422F-9653-FFBF9F9E0E11}.Release|x64.Build.0 = Release|Any CPU
		{1922B8E8-24C0-422F-9653-FFBF9F9E0E11}.Release|x86.ActiveCfg = Release|Any CPU
		{1922B8E8-24C0-422F-9653-FFBF9F9E0E11}.Release|x86.Build.0 = Release|Any CPU
		{F472E26B-136F-48C2-9F26-0828CB42890E}.Debug|Any CPU.ActiveCfg = Debug|Any CPU
		{F472E26B-136F-48C2-9F26-0828CB42890E}.Debug|Any CPU.Build.0 = Debug|Any CPU
		{F472E26B-136F-48C2-9F26-0828CB42890E}.Debug|x64.ActiveCfg = Debug|Any CPU
		{F472E26B-136F-48C2-9F26-0828CB42890E}.Debug|x64.Build.0 = Debug|Any CPU
		{F472E26B-136F-48C2-9F26-0828CB42890E}.Debug|x86.ActiveCfg = Debug|Any CPU
		{F472E26B-136F-48C2-9F26-0828CB42890E}.Debug|x86.Build.0 = Debug|Any CPU
		{F472E26B-136F-48C2-9F26-0828CB42890E}.Release|Any CPU.ActiveCfg = Release|Any CPU
		{F472E26B-136F-48C2-9F26-0828CB42890E}.Release|Any CPU.Build.0 = Release|Any CPU
		{F472E26B-136F-48C2-9F26-0828CB42890E}.Release|x64.ActiveCfg = Release|Any CPU
		{F472E26B-136F-48C2-9F26-0828CB42890E}.Release|x64.Build.0 = Release|Any CPU
		{F472E26B-136F-48C2-9F26-0828CB42890E}.Release|x86.ActiveCfg = Release|Any CPU
		{F472E26B-136F-48C2-9F26-0828CB42890E}.Release|x86.Build.0 = Release|Any CPU
	EndGlobalSection
	GlobalSection(SolutionProperties) = preSolution
		HideSolutionNode = FALSE
	EndGlobalSection
EndGlobal
